// !$*UTF8*$!
{
	archiveVersion = 1;
	classes = {
	};
	objectVersion = 46;
	objects = {

/* Begin PBXBuildFile section */
		6E01790C1DE11FA800707D7A /* UIVIewController+PushUps.swift in Sources */ = {isa = PBXBuildFile; fileRef = 6E01790B1DE11FA800707D7A /* UIVIewController+PushUps.swift */; };
		6E01790E1DE1278A00707D7A /* TimerController.swift in Sources */ = {isa = PBXBuildFile; fileRef = 6E01790D1DE1278A00707D7A /* TimerController.swift */; };
		6E0266E41DD7E42A00BD6A70 /* String+PushUps.swift in Sources */ = {isa = PBXBuildFile; fileRef = 6E0266E31DD7E42A00BD6A70 /* String+PushUps.swift */; };
		6E048DE71D62843200678AFE /* UIBarButtonItem+Style.swift in Sources */ = {isa = PBXBuildFile; fileRef = 6E048DE61D62843200678AFE /* UIBarButtonItem+Style.swift */; };
		6E0A031B1DA7FB76000FDD73 /* Array+PushUps.swift in Sources */ = {isa = PBXBuildFile; fileRef = 6E0A031A1DA7FB76000FDD73 /* Array+PushUps.swift */; };
		6E0A031D1DA7FFB1000FDD73 /* HomeTrainingViewControllerProxy.swift in Sources */ = {isa = PBXBuildFile; fileRef = 6E0A031C1DA7FFB1000FDD73 /* HomeTrainingViewControllerProxy.swift */; };
		6E1F3E5B1D3ADA4A002BDE9D /* Interface.storyboard in Resources */ = {isa = PBXBuildFile; fileRef = 6E1F3E591D3ADA4A002BDE9D /* Interface.storyboard */; };
		6E1F3E5D1D3ADA4A002BDE9D /* Assets.xcassets in Resources */ = {isa = PBXBuildFile; fileRef = 6E1F3E5C1D3ADA4A002BDE9D /* Assets.xcassets */; };
		6E1F3E641D3ADA4A002BDE9D /* PushUpsWatchApp Extension.appex in Embed App Extensions */ = {isa = PBXBuildFile; fileRef = 6E1F3E631D3ADA4A002BDE9D /* PushUpsWatchApp Extension.appex */; settings = {ATTRIBUTES = (RemoveHeadersOnCopy, ); }; };
		6E1F3E6B1D3ADA4A002BDE9D /* InterfaceController.swift in Sources */ = {isa = PBXBuildFile; fileRef = 6E1F3E6A1D3ADA4A002BDE9D /* InterfaceController.swift */; };
		6E1F3E6D1D3ADA4A002BDE9D /* ExtensionDelegate.swift in Sources */ = {isa = PBXBuildFile; fileRef = 6E1F3E6C1D3ADA4A002BDE9D /* ExtensionDelegate.swift */; };
		6E1F3E6F1D3ADA4A002BDE9D /* NotificationController.swift in Sources */ = {isa = PBXBuildFile; fileRef = 6E1F3E6E1D3ADA4A002BDE9D /* NotificationController.swift */; };
		6E1F3E711D3ADA4A002BDE9D /* Assets.xcassets in Resources */ = {isa = PBXBuildFile; fileRef = 6E1F3E701D3ADA4A002BDE9D /* Assets.xcassets */; };
		6E1F3E751D3ADA4A002BDE9D /* PushUpsWatchApp.app in Embed Watch Content */ = {isa = PBXBuildFile; fileRef = 6E1F3E571D3ADA4A002BDE9D /* PushUpsWatchApp.app */; };
		6E1F3E801D3AE12D002BDE9D /* HealthKit.framework in Frameworks */ = {isa = PBXBuildFile; fileRef = 6E1F3E7F1D3AE12D002BDE9D /* HealthKit.framework */; };
		6E1F3E841D3AEA1E002BDE9D /* HealthKit.framework in Frameworks */ = {isa = PBXBuildFile; fileRef = 6E1F3E831D3AEA1E002BDE9D /* HealthKit.framework */; };
		6E3B9A561D78ED0D00DF7C27 /* HomeViewController+HomePageViewController.swift in Sources */ = {isa = PBXBuildFile; fileRef = 6E3B9A551D78ED0D00DF7C27 /* HomeViewController+HomePageViewController.swift */; };
		6E3B9A581D78ED5300DF7C27 /* HomePageViewController+UIPageViewController.swift in Sources */ = {isa = PBXBuildFile; fileRef = 6E3B9A571D78ED5300DF7C27 /* HomePageViewController+UIPageViewController.swift */; };
		6E3B9A5B1D78EE2A00DF7C27 /* Session.swift in Sources */ = {isa = PBXBuildFile; fileRef = 6E3B9A5A1D78EE2A00DF7C27 /* Session.swift */; };
		6E3B9A5D1D78F3F400DF7C27 /* Set.swift in Sources */ = {isa = PBXBuildFile; fileRef = 6E3B9A5C1D78F3F400DF7C27 /* Set.swift */; };
		6E3B9A5F1D78F6CF00DF7C27 /* TrainingSession.swift in Sources */ = {isa = PBXBuildFile; fileRef = 6E3B9A5E1D78F6CF00DF7C27 /* TrainingSession.swift */; };
		6E3B9A611D78F6F100DF7C27 /* WorkoutSession.swift in Sources */ = {isa = PBXBuildFile; fileRef = 6E3B9A601D78F6F100DF7C27 /* WorkoutSession.swift */; };
		6E593DCE1D5BCCD500C9C2CE /* Button.swift in Sources */ = {isa = PBXBuildFile; fileRef = 6E593DCD1D5BCCD500C9C2CE /* Button.swift */; };
		6E66791C1DC6AD5000E895D1 /* TrainingSessionViewController.swift in Sources */ = {isa = PBXBuildFile; fileRef = 6E66791B1DC6AD5000E895D1 /* TrainingSessionViewController.swift */; };
		6E66791E1DC6AD6100E895D1 /* TrainingSessionViewControllerProxy.swift in Sources */ = {isa = PBXBuildFile; fileRef = 6E66791D1DC6AD6100E895D1 /* TrainingSessionViewControllerProxy.swift */; };
		6E6679201DC6AE1900E895D1 /* CountdownViewControllerProxy.swift in Sources */ = {isa = PBXBuildFile; fileRef = 6E66791F1DC6AE1900E895D1 /* CountdownViewControllerProxy.swift */; };
		6E6679231DC6B3FC00E895D1 /* ProximityController.swift in Sources */ = {isa = PBXBuildFile; fileRef = 6E6679221DC6B3FC00E895D1 /* ProximityController.swift */; };
		6E69AF351DAB33470092A1E0 /* UILabel+Style.swift in Sources */ = {isa = PBXBuildFile; fileRef = 6E69AF341DAB33470092A1E0 /* UILabel+Style.swift */; };
		6E69AF371DB57F090092A1E0 /* HomeViewControllerProxy.swift in Sources */ = {isa = PBXBuildFile; fileRef = 6E69AF361DB57F090092A1E0 /* HomeViewControllerProxy.swift */; };
		6E7D291D1D7E180B004CC25B /* User.swift in Sources */ = {isa = PBXBuildFile; fileRef = 6E7D291C1D7E180B004CC25B /* User.swift */; };
		6E7D291F1D7E1E13004CC25B /* UserController.swift in Sources */ = {isa = PBXBuildFile; fileRef = 6E7D291E1D7E1E12004CC25B /* UserController.swift */; };
		6E8C178E1E1956B100934B9F /* TableViewContentController.swift in Sources */ = {isa = PBXBuildFile; fileRef = 6E8C178D1E1956B100934B9F /* TableViewContentController.swift */; };
		6E8C17901E195A5100934B9F /* CollectionViewContentController.swift in Sources */ = {isa = PBXBuildFile; fileRef = 6E8C178F1E195A5100934B9F /* CollectionViewContentController.swift */; };
		6E8C17921E195A7700934B9F /* ContentController.swift in Sources */ = {isa = PBXBuildFile; fileRef = 6E8C17911E195A7700934B9F /* ContentController.swift */; };
		6E8C17961E195A9B00934B9F /* Section.swift in Sources */ = {isa = PBXBuildFile; fileRef = 6E8C17951E195A9B00934B9F /* Section.swift */; };
		6E8C179A1E195AD600934B9F /* CellContent.swift in Sources */ = {isa = PBXBuildFile; fileRef = 6E8C17991E195AD600934B9F /* CellContent.swift */; };
		6E8C179C1E195E3600934B9F /* Cell.swift in Sources */ = {isa = PBXBuildFile; fileRef = 6E8C179B1E195E3600934B9F /* Cell.swift */; };
		6E8C179E1E196B2D00934B9F /* SessionCountTappableCell.swift in Sources */ = {isa = PBXBuildFile; fileRef = 6E8C179D1E196B2D00934B9F /* SessionCountTappableCell.swift */; };
		6E8C17A01E196B7100934B9F /* SessionCountTappableCellContent.swift in Sources */ = {isa = PBXBuildFile; fileRef = 6E8C179F1E196B7100934B9F /* SessionCountTappableCellContent.swift */; };
		6E8C17A21E1991F900934B9F /* TitleHeaderFooterView.swift in Sources */ = {isa = PBXBuildFile; fileRef = 6E8C17A11E1991F900934B9F /* TitleHeaderFooterView.swift */; };
		6E8C17A51E19937400934B9F /* ConstraintHelper.swift in Sources */ = {isa = PBXBuildFile; fileRef = 6E8C17A41E19937400934B9F /* ConstraintHelper.swift */; };
		6E8C17A71E19AA5F00934B9F /* ProfileCellContentFactory.swift in Sources */ = {isa = PBXBuildFile; fileRef = 6E8C17A61E19AA5F00934B9F /* ProfileCellContentFactory.swift */; };
		6E8C17A91E19B4A400934B9F /* ProfileViewControllerProxy.swift in Sources */ = {isa = PBXBuildFile; fileRef = 6E8C17A81E19B4A400934B9F /* ProfileViewControllerProxy.swift */; };
		6E9506A51DCFED4A009E0111 /* HomeWorkoutViewControllerProxy.swift in Sources */ = {isa = PBXBuildFile; fileRef = 6E9506A41DCFED4A009E0111 /* HomeWorkoutViewControllerProxy.swift */; };
		6E9709951D53DF6400999AB6 /* SegmentedControl.swift in Sources */ = {isa = PBXBuildFile; fileRef = 6E9709941D53DF6400999AB6 /* SegmentedControl.swift */; };
		6E9709981D53FB8000999AB6 /* UIView+Style.swift in Sources */ = {isa = PBXBuildFile; fileRef = 6E9709971D53FB8000999AB6 /* UIView+Style.swift */; };
		6E97099A1D53FDC800999AB6 /* HomeViewController.swift in Sources */ = {isa = PBXBuildFile; fileRef = 6E9709991D53FDC800999AB6 /* HomeViewController.swift */; };
		6E97099C1D56753F00999AB6 /* UIColor+Style.swift in Sources */ = {isa = PBXBuildFile; fileRef = 6E97099B1D56753F00999AB6 /* UIColor+Style.swift */; };
		6E97099E1D56897B00999AB6 /* UIImage+Style.swift in Sources */ = {isa = PBXBuildFile; fileRef = 6E97099D1D56897B00999AB6 /* UIImage+Style.swift */; };
		6E9709A01D568B9A00999AB6 /* UIViewController+Style.swift in Sources */ = {isa = PBXBuildFile; fileRef = 6E97099F1D568B9A00999AB6 /* UIViewController+Style.swift */; };
		6E9709A31D569FEA00999AB6 /* NavigationBarView.swift in Sources */ = {isa = PBXBuildFile; fileRef = 6E9709A21D569FEA00999AB6 /* NavigationBarView.swift */; };
		6EB3A6F31DD7E9610087072F /* TimeInterval+PushUps.swift in Sources */ = {isa = PBXBuildFile; fileRef = 6EB3A6F21DD7E9610087072F /* TimeInterval+PushUps.swift */; };
		6EB3A6F51DD808E80087072F /* SessionTypeController.swift in Sources */ = {isa = PBXBuildFile; fileRef = 6EB3A6F41DD808E80087072F /* SessionTypeController.swift */; };
		6ED448311D7E3D6100607ED6 /* SessionController.swift in Sources */ = {isa = PBXBuildFile; fileRef = 6ED448301D7E3D6100607ED6 /* SessionController.swift */; };
		6ED448331D7E3F5400607ED6 /* WorkoutSessionViewControllerProxy.swift in Sources */ = {isa = PBXBuildFile; fileRef = 6ED448321D7E3F5400607ED6 /* WorkoutSessionViewControllerProxy.swift */; };
		6EDD99F11D5BCE3700E6BF19 /* UIColor+Adjustment.swift in Sources */ = {isa = PBXBuildFile; fileRef = 6EDD99F01D5BCE3700E6BF19 /* UIColor+Adjustment.swift */; };
		6EDD99F31D5BD63400E6BF19 /* NavigationBarView.xib in Resources */ = {isa = PBXBuildFile; fileRef = 6EDD99F21D5BD63400E6BF19 /* NavigationBarView.xib */; };
		6EDD99F51D5BE60900E6BF19 /* UINavigationBar.swift in Sources */ = {isa = PBXBuildFile; fileRef = 6EDD99F41D5BE60900E6BF19 /* UINavigationBar.swift */; };
		6EDD99F71D5BE7CE00E6BF19 /* ProfileViewController.swift in Sources */ = {isa = PBXBuildFile; fileRef = 6EDD99F61D5BE7CE00E6BF19 /* ProfileViewController.swift */; };
		6EDD99F91D5BE9D900E6BF19 /* UIApplication+Style.swift in Sources */ = {isa = PBXBuildFile; fileRef = 6EDD99F81D5BE9D900E6BF19 /* UIApplication+Style.swift */; };
		6EDD99FB1D5BF18A00E6BF19 /* CountdownViewController.swift in Sources */ = {isa = PBXBuildFile; fileRef = 6EDD99FA1D5BF18A00E6BF19 /* CountdownViewController.swift */; };
		6EDD99FD1D5BF1AE00E6BF19 /* TrainingListViewController.swift in Sources */ = {isa = PBXBuildFile; fileRef = 6EDD99FC1D5BF1AE00E6BF19 /* TrainingListViewController.swift */; };
		6EDD99FF1D5D1F2900E6BF19 /* WorkoutSessionViewController.swift in Sources */ = {isa = PBXBuildFile; fileRef = 6EDD99FE1D5D1F2900E6BF19 /* WorkoutSessionViewController.swift */; };
		6EDD9A011D5D246E00E6BF19 /* Localizable.strings in Resources */ = {isa = PBXBuildFile; fileRef = 6EDD9A001D5D246E00E6BF19 /* Localizable.strings */; };
		6EDD9A031D5D2C2C00E6BF19 /* SessionType.swift in Sources */ = {isa = PBXBuildFile; fileRef = 6EDD9A021D5D2C2C00E6BF19 /* SessionType.swift */; };
		6EE5BCC81D344EC100C093CD /* AppDelegate.swift in Sources */ = {isa = PBXBuildFile; fileRef = 6EE5BCC71D344EC100C093CD /* AppDelegate.swift */; };
		6EE5BCCA1D344EC100C093CD /* TestViewController.swift in Sources */ = {isa = PBXBuildFile; fileRef = 6EE5BCC91D344EC100C093CD /* TestViewController.swift */; };
		6EE5BCCD1D344EC100C093CD /* Main.storyboard in Resources */ = {isa = PBXBuildFile; fileRef = 6EE5BCCB1D344EC100C093CD /* Main.storyboard */; };
		6EE5BCCF1D344EC200C093CD /* Assets.xcassets in Resources */ = {isa = PBXBuildFile; fileRef = 6EE5BCCE1D344EC200C093CD /* Assets.xcassets */; };
		6EE5BCD21D344EC200C093CD /* LaunchScreen.storyboard in Resources */ = {isa = PBXBuildFile; fileRef = 6EE5BCD01D344EC200C093CD /* LaunchScreen.storyboard */; };
		6EE7AA141D88BAAA009D11E5 /* TrainingSessions.plist in Resources */ = {isa = PBXBuildFile; fileRef = 6EE7AA131D88BAAA009D11E5 /* TrainingSessions.plist */; };
		6EE7AA181D88C0A5009D11E5 /* SessionFactory.swift in Sources */ = {isa = PBXBuildFile; fileRef = 6E0EA8391D875EA2009E0541 /* SessionFactory.swift */; };
		6EEFC31E1D8B462700639ABB /* Level.swift in Sources */ = {isa = PBXBuildFile; fileRef = 6EEFC31D1D8B462700639ABB /* Level.swift */; };
		6EEFC3201D8B46C600639ABB /* Stage.swift in Sources */ = {isa = PBXBuildFile; fileRef = 6EEFC31F1D8B46C600639ABB /* Stage.swift */; };
		6EFD43361D5E7A98006D8E51 /* HomeWorkoutViewController.swift in Sources */ = {isa = PBXBuildFile; fileRef = 6EFD43351D5E7A98006D8E51 /* HomeWorkoutViewController.swift */; };
		6EFD433A1D5E7AB9006D8E51 /* HomeTrainingViewController.swift in Sources */ = {isa = PBXBuildFile; fileRef = 6EFD43391D5E7AB9006D8E51 /* HomeTrainingViewController.swift */; };
		6EFD433C1D5E7F09006D8E51 /* HomePageViewController.swift in Sources */ = {isa = PBXBuildFile; fileRef = 6EFD433B1D5E7F09006D8E51 /* HomePageViewController.swift */; };
/* End PBXBuildFile section */

/* Begin PBXContainerItemProxy section */
		6E1F3E651D3ADA4A002BDE9D /* PBXContainerItemProxy */ = {
			isa = PBXContainerItemProxy;
			containerPortal = 6EE5BCBC1D344EC100C093CD /* Project object */;
			proxyType = 1;
			remoteGlobalIDString = 6E1F3E621D3ADA4A002BDE9D;
			remoteInfo = "PushUpsWatchApp Extension";
		};
		6E1F3E731D3ADA4A002BDE9D /* PBXContainerItemProxy */ = {
			isa = PBXContainerItemProxy;
			containerPortal = 6EE5BCBC1D344EC100C093CD /* Project object */;
			proxyType = 1;
			remoteGlobalIDString = 6E1F3E561D3ADA4A002BDE9D;
			remoteInfo = PushUpsWatchApp;
		};
/* End PBXContainerItemProxy section */

/* Begin PBXCopyFilesBuildPhase section */
		6E1F3E7B1D3ADA4A002BDE9D /* Embed App Extensions */ = {
			isa = PBXCopyFilesBuildPhase;
			buildActionMask = 2147483647;
			dstPath = "";
			dstSubfolderSpec = 13;
			files = (
				6E1F3E641D3ADA4A002BDE9D /* PushUpsWatchApp Extension.appex in Embed App Extensions */,
			);
			name = "Embed App Extensions";
			runOnlyForDeploymentPostprocessing = 0;
		};
		6E1F3E7D1D3ADA4A002BDE9D /* Embed Watch Content */ = {
			isa = PBXCopyFilesBuildPhase;
			buildActionMask = 2147483647;
			dstPath = "$(CONTENTS_FOLDER_PATH)/Watch";
			dstSubfolderSpec = 16;
			files = (
				6E1F3E751D3ADA4A002BDE9D /* PushUpsWatchApp.app in Embed Watch Content */,
			);
			name = "Embed Watch Content";
			runOnlyForDeploymentPostprocessing = 0;
		};
/* End PBXCopyFilesBuildPhase section */

/* Begin PBXFileReference section */
		6E01790B1DE11FA800707D7A /* UIVIewController+PushUps.swift */ = {isa = PBXFileReference; fileEncoding = 4; lastKnownFileType = sourcecode.swift; path = "UIVIewController+PushUps.swift"; sourceTree = "<group>"; };
		6E01790D1DE1278A00707D7A /* TimerController.swift */ = {isa = PBXFileReference; fileEncoding = 4; lastKnownFileType = sourcecode.swift; path = TimerController.swift; sourceTree = "<group>"; };
		6E0266E31DD7E42A00BD6A70 /* String+PushUps.swift */ = {isa = PBXFileReference; fileEncoding = 4; lastKnownFileType = sourcecode.swift; path = "String+PushUps.swift"; sourceTree = "<group>"; };
		6E048DE61D62843200678AFE /* UIBarButtonItem+Style.swift */ = {isa = PBXFileReference; fileEncoding = 4; lastKnownFileType = sourcecode.swift; path = "UIBarButtonItem+Style.swift"; sourceTree = "<group>"; };
		6E0A031A1DA7FB76000FDD73 /* Array+PushUps.swift */ = {isa = PBXFileReference; fileEncoding = 4; lastKnownFileType = sourcecode.swift; path = "Array+PushUps.swift"; sourceTree = "<group>"; };
		6E0A031C1DA7FFB1000FDD73 /* HomeTrainingViewControllerProxy.swift */ = {isa = PBXFileReference; fileEncoding = 4; lastKnownFileType = sourcecode.swift; path = HomeTrainingViewControllerProxy.swift; sourceTree = "<group>"; };
		6E0EA8391D875EA2009E0541 /* SessionFactory.swift */ = {isa = PBXFileReference; fileEncoding = 4; lastKnownFileType = sourcecode.swift; path = SessionFactory.swift; sourceTree = "<group>"; };
		6E1F3E571D3ADA4A002BDE9D /* PushUpsWatchApp.app */ = {isa = PBXFileReference; explicitFileType = wrapper.application; includeInIndex = 0; path = PushUpsWatchApp.app; sourceTree = BUILT_PRODUCTS_DIR; };
		6E1F3E5A1D3ADA4A002BDE9D /* Base */ = {isa = PBXFileReference; lastKnownFileType = file.storyboard; name = Base; path = Base.lproj/Interface.storyboard; sourceTree = "<group>"; };
		6E1F3E5C1D3ADA4A002BDE9D /* Assets.xcassets */ = {isa = PBXFileReference; lastKnownFileType = folder.assetcatalog; path = Assets.xcassets; sourceTree = "<group>"; };
		6E1F3E5E1D3ADA4A002BDE9D /* Info.plist */ = {isa = PBXFileReference; lastKnownFileType = text.plist.xml; path = Info.plist; sourceTree = "<group>"; };
		6E1F3E631D3ADA4A002BDE9D /* PushUpsWatchApp Extension.appex */ = {isa = PBXFileReference; explicitFileType = "wrapper.app-extension"; includeInIndex = 0; path = "PushUpsWatchApp Extension.appex"; sourceTree = BUILT_PRODUCTS_DIR; };
		6E1F3E691D3ADA4A002BDE9D /* PushNotificationPayload.apns */ = {isa = PBXFileReference; lastKnownFileType = text; path = PushNotificationPayload.apns; sourceTree = "<group>"; };
		6E1F3E6A1D3ADA4A002BDE9D /* InterfaceController.swift */ = {isa = PBXFileReference; lastKnownFileType = sourcecode.swift; path = InterfaceController.swift; sourceTree = "<group>"; };
		6E1F3E6C1D3ADA4A002BDE9D /* ExtensionDelegate.swift */ = {isa = PBXFileReference; lastKnownFileType = sourcecode.swift; path = ExtensionDelegate.swift; sourceTree = "<group>"; };
		6E1F3E6E1D3ADA4A002BDE9D /* NotificationController.swift */ = {isa = PBXFileReference; lastKnownFileType = sourcecode.swift; path = NotificationController.swift; sourceTree = "<group>"; };
		6E1F3E701D3ADA4A002BDE9D /* Assets.xcassets */ = {isa = PBXFileReference; lastKnownFileType = folder.assetcatalog; path = Assets.xcassets; sourceTree = "<group>"; };
		6E1F3E721D3ADA4A002BDE9D /* Info.plist */ = {isa = PBXFileReference; lastKnownFileType = text.plist.xml; path = Info.plist; sourceTree = "<group>"; };
		6E1F3E7F1D3AE12D002BDE9D /* HealthKit.framework */ = {isa = PBXFileReference; lastKnownFileType = wrapper.framework; name = HealthKit.framework; path = Platforms/WatchOS.platform/Developer/SDKs/WatchOS3.0.sdk/System/Library/Frameworks/HealthKit.framework; sourceTree = DEVELOPER_DIR; };
		6E1F3E811D3AE12D002BDE9D /* PushUpsWatchApp Extension.entitlements */ = {isa = PBXFileReference; lastKnownFileType = text.xml; path = "PushUpsWatchApp Extension.entitlements"; sourceTree = "<group>"; };
		6E1F3E821D3AEA1E002BDE9D /* PushUps.entitlements */ = {isa = PBXFileReference; lastKnownFileType = text.xml; path = PushUps.entitlements; sourceTree = "<group>"; };
		6E1F3E831D3AEA1E002BDE9D /* HealthKit.framework */ = {isa = PBXFileReference; lastKnownFileType = wrapper.framework; name = HealthKit.framework; path = System/Library/Frameworks/HealthKit.framework; sourceTree = SDKROOT; };
		6E3B9A551D78ED0D00DF7C27 /* HomeViewController+HomePageViewController.swift */ = {isa = PBXFileReference; fileEncoding = 4; lastKnownFileType = sourcecode.swift; path = "HomeViewController+HomePageViewController.swift"; sourceTree = "<group>"; };
		6E3B9A571D78ED5300DF7C27 /* HomePageViewController+UIPageViewController.swift */ = {isa = PBXFileReference; fileEncoding = 4; lastKnownFileType = sourcecode.swift; path = "HomePageViewController+UIPageViewController.swift"; sourceTree = "<group>"; };
		6E3B9A5A1D78EE2A00DF7C27 /* Session.swift */ = {isa = PBXFileReference; fileEncoding = 4; lastKnownFileType = sourcecode.swift; path = Session.swift; sourceTree = "<group>"; };
		6E3B9A5C1D78F3F400DF7C27 /* Set.swift */ = {isa = PBXFileReference; fileEncoding = 4; lastKnownFileType = sourcecode.swift; path = Set.swift; sourceTree = "<group>"; };
		6E3B9A5E1D78F6CF00DF7C27 /* TrainingSession.swift */ = {isa = PBXFileReference; fileEncoding = 4; lastKnownFileType = sourcecode.swift; path = TrainingSession.swift; sourceTree = "<group>"; };
		6E3B9A601D78F6F100DF7C27 /* WorkoutSession.swift */ = {isa = PBXFileReference; fileEncoding = 4; lastKnownFileType = sourcecode.swift; path = WorkoutSession.swift; sourceTree = "<group>"; };
		6E593DCD1D5BCCD500C9C2CE /* Button.swift */ = {isa = PBXFileReference; fileEncoding = 4; lastKnownFileType = sourcecode.swift; path = Button.swift; sourceTree = "<group>"; };
		6E66791B1DC6AD5000E895D1 /* TrainingSessionViewController.swift */ = {isa = PBXFileReference; fileEncoding = 4; lastKnownFileType = sourcecode.swift; path = TrainingSessionViewController.swift; sourceTree = "<group>"; };
		6E66791D1DC6AD6100E895D1 /* TrainingSessionViewControllerProxy.swift */ = {isa = PBXFileReference; fileEncoding = 4; lastKnownFileType = sourcecode.swift; path = TrainingSessionViewControllerProxy.swift; sourceTree = "<group>"; };
		6E66791F1DC6AE1900E895D1 /* CountdownViewControllerProxy.swift */ = {isa = PBXFileReference; fileEncoding = 4; lastKnownFileType = sourcecode.swift; path = CountdownViewControllerProxy.swift; sourceTree = "<group>"; };
		6E6679221DC6B3FC00E895D1 /* ProximityController.swift */ = {isa = PBXFileReference; fileEncoding = 4; lastKnownFileType = sourcecode.swift; path = ProximityController.swift; sourceTree = "<group>"; };
		6E69AF341DAB33470092A1E0 /* UILabel+Style.swift */ = {isa = PBXFileReference; fileEncoding = 4; lastKnownFileType = sourcecode.swift; path = "UILabel+Style.swift"; sourceTree = "<group>"; };
		6E69AF361DB57F090092A1E0 /* HomeViewControllerProxy.swift */ = {isa = PBXFileReference; fileEncoding = 4; lastKnownFileType = sourcecode.swift; path = HomeViewControllerProxy.swift; sourceTree = "<group>"; };
		6E7D291C1D7E180B004CC25B /* User.swift */ = {isa = PBXFileReference; fileEncoding = 4; lastKnownFileType = sourcecode.swift; path = User.swift; sourceTree = "<group>"; };
		6E7D291E1D7E1E12004CC25B /* UserController.swift */ = {isa = PBXFileReference; fileEncoding = 4; lastKnownFileType = sourcecode.swift; path = UserController.swift; sourceTree = "<group>"; };
		6E8C178D1E1956B100934B9F /* TableViewContentController.swift */ = {isa = PBXFileReference; fileEncoding = 4; lastKnownFileType = sourcecode.swift; path = TableViewContentController.swift; sourceTree = "<group>"; };
		6E8C178F1E195A5100934B9F /* CollectionViewContentController.swift */ = {isa = PBXFileReference; fileEncoding = 4; lastKnownFileType = sourcecode.swift; path = CollectionViewContentController.swift; sourceTree = "<group>"; };
		6E8C17911E195A7700934B9F /* ContentController.swift */ = {isa = PBXFileReference; fileEncoding = 4; lastKnownFileType = sourcecode.swift; path = ContentController.swift; sourceTree = "<group>"; };
		6E8C17951E195A9B00934B9F /* Section.swift */ = {isa = PBXFileReference; fileEncoding = 4; lastKnownFileType = sourcecode.swift; path = Section.swift; sourceTree = "<group>"; };
		6E8C17991E195AD600934B9F /* CellContent.swift */ = {isa = PBXFileReference; fileEncoding = 4; lastKnownFileType = sourcecode.swift; path = CellContent.swift; sourceTree = "<group>"; };
		6E8C179B1E195E3600934B9F /* Cell.swift */ = {isa = PBXFileReference; fileEncoding = 4; lastKnownFileType = sourcecode.swift; path = Cell.swift; sourceTree = "<group>"; };
		6E8C179D1E196B2D00934B9F /* SessionCountTappableCell.swift */ = {isa = PBXFileReference; fileEncoding = 4; lastKnownFileType = sourcecode.swift; path = SessionCountTappableCell.swift; sourceTree = "<group>"; };
		6E8C179F1E196B7100934B9F /* SessionCountTappableCellContent.swift */ = {isa = PBXFileReference; fileEncoding = 4; lastKnownFileType = sourcecode.swift; path = SessionCountTappableCellContent.swift; sourceTree = "<group>"; };
		6E8C17A11E1991F900934B9F /* TitleHeaderFooterView.swift */ = {isa = PBXFileReference; fileEncoding = 4; lastKnownFileType = sourcecode.swift; path = TitleHeaderFooterView.swift; sourceTree = "<group>"; };
		6E8C17A41E19937400934B9F /* ConstraintHelper.swift */ = {isa = PBXFileReference; fileEncoding = 4; lastKnownFileType = sourcecode.swift; path = ConstraintHelper.swift; sourceTree = "<group>"; };
		6E8C17A61E19AA5F00934B9F /* ProfileCellContentFactory.swift */ = {isa = PBXFileReference; fileEncoding = 4; lastKnownFileType = sourcecode.swift; path = ProfileCellContentFactory.swift; sourceTree = "<group>"; };
		6E8C17A81E19B4A400934B9F /* ProfileViewControllerProxy.swift */ = {isa = PBXFileReference; fileEncoding = 4; lastKnownFileType = sourcecode.swift; path = ProfileViewControllerProxy.swift; sourceTree = "<group>"; };
		6E9506A41DCFED4A009E0111 /* HomeWorkoutViewControllerProxy.swift */ = {isa = PBXFileReference; fileEncoding = 4; lastKnownFileType = sourcecode.swift; path = HomeWorkoutViewControllerProxy.swift; sourceTree = "<group>"; };
		6E9709941D53DF6400999AB6 /* SegmentedControl.swift */ = {isa = PBXFileReference; fileEncoding = 4; lastKnownFileType = sourcecode.swift; path = SegmentedControl.swift; sourceTree = "<group>"; };
		6E9709971D53FB8000999AB6 /* UIView+Style.swift */ = {isa = PBXFileReference; fileEncoding = 4; lastKnownFileType = sourcecode.swift; path = "UIView+Style.swift"; sourceTree = "<group>"; };
		6E9709991D53FDC800999AB6 /* HomeViewController.swift */ = {isa = PBXFileReference; fileEncoding = 4; lastKnownFileType = sourcecode.swift; path = HomeViewController.swift; sourceTree = "<group>"; };
		6E97099B1D56753F00999AB6 /* UIColor+Style.swift */ = {isa = PBXFileReference; fileEncoding = 4; lastKnownFileType = sourcecode.swift; path = "UIColor+Style.swift"; sourceTree = "<group>"; };
		6E97099D1D56897B00999AB6 /* UIImage+Style.swift */ = {isa = PBXFileReference; fileEncoding = 4; lastKnownFileType = sourcecode.swift; path = "UIImage+Style.swift"; sourceTree = "<group>"; };
		6E97099F1D568B9A00999AB6 /* UIViewController+Style.swift */ = {isa = PBXFileReference; fileEncoding = 4; lastKnownFileType = sourcecode.swift; path = "UIViewController+Style.swift"; sourceTree = "<group>"; };
		6E9709A21D569FEA00999AB6 /* NavigationBarView.swift */ = {isa = PBXFileReference; fileEncoding = 4; lastKnownFileType = sourcecode.swift; path = NavigationBarView.swift; sourceTree = "<group>"; };
		6EB3A6F21DD7E9610087072F /* TimeInterval+PushUps.swift */ = {isa = PBXFileReference; fileEncoding = 4; lastKnownFileType = sourcecode.swift; path = "TimeInterval+PushUps.swift"; sourceTree = "<group>"; };
		6EB3A6F41DD808E80087072F /* SessionTypeController.swift */ = {isa = PBXFileReference; fileEncoding = 4; lastKnownFileType = sourcecode.swift; path = SessionTypeController.swift; sourceTree = "<group>"; };
		6ED448301D7E3D6100607ED6 /* SessionController.swift */ = {isa = PBXFileReference; fileEncoding = 4; lastKnownFileType = sourcecode.swift; path = SessionController.swift; sourceTree = "<group>"; };
		6ED448321D7E3F5400607ED6 /* WorkoutSessionViewControllerProxy.swift */ = {isa = PBXFileReference; fileEncoding = 4; lastKnownFileType = sourcecode.swift; path = WorkoutSessionViewControllerProxy.swift; sourceTree = "<group>"; };
		6EDD99F01D5BCE3700E6BF19 /* UIColor+Adjustment.swift */ = {isa = PBXFileReference; fileEncoding = 4; lastKnownFileType = sourcecode.swift; path = "UIColor+Adjustment.swift"; sourceTree = "<group>"; };
		6EDD99F21D5BD63400E6BF19 /* NavigationBarView.xib */ = {isa = PBXFileReference; fileEncoding = 4; lastKnownFileType = file.xib; path = NavigationBarView.xib; sourceTree = "<group>"; };
		6EDD99F41D5BE60900E6BF19 /* UINavigationBar.swift */ = {isa = PBXFileReference; fileEncoding = 4; lastKnownFileType = sourcecode.swift; path = UINavigationBar.swift; sourceTree = "<group>"; };
		6EDD99F61D5BE7CE00E6BF19 /* ProfileViewController.swift */ = {isa = PBXFileReference; fileEncoding = 4; lastKnownFileType = sourcecode.swift; path = ProfileViewController.swift; sourceTree = "<group>"; };
		6EDD99F81D5BE9D900E6BF19 /* UIApplication+Style.swift */ = {isa = PBXFileReference; fileEncoding = 4; lastKnownFileType = sourcecode.swift; path = "UIApplication+Style.swift"; sourceTree = "<group>"; };
		6EDD99FA1D5BF18A00E6BF19 /* CountdownViewController.swift */ = {isa = PBXFileReference; fileEncoding = 4; lastKnownFileType = sourcecode.swift; path = CountdownViewController.swift; sourceTree = "<group>"; };
		6EDD99FC1D5BF1AE00E6BF19 /* TrainingListViewController.swift */ = {isa = PBXFileReference; fileEncoding = 4; lastKnownFileType = sourcecode.swift; path = TrainingListViewController.swift; sourceTree = "<group>"; };
		6EDD99FE1D5D1F2900E6BF19 /* WorkoutSessionViewController.swift */ = {isa = PBXFileReference; fileEncoding = 4; lastKnownFileType = sourcecode.swift; path = WorkoutSessionViewController.swift; sourceTree = "<group>"; };
		6EDD9A001D5D246E00E6BF19 /* Localizable.strings */ = {isa = PBXFileReference; fileEncoding = 4; lastKnownFileType = text.plist.strings; path = Localizable.strings; sourceTree = "<group>"; };
		6EDD9A021D5D2C2C00E6BF19 /* SessionType.swift */ = {isa = PBXFileReference; fileEncoding = 4; lastKnownFileType = sourcecode.swift; path = SessionType.swift; sourceTree = "<group>"; };
		6EE5BCC41D344EC100C093CD /* PushUps.app */ = {isa = PBXFileReference; explicitFileType = wrapper.application; includeInIndex = 0; path = PushUps.app; sourceTree = BUILT_PRODUCTS_DIR; };
		6EE5BCC71D344EC100C093CD /* AppDelegate.swift */ = {isa = PBXFileReference; lastKnownFileType = sourcecode.swift; path = AppDelegate.swift; sourceTree = "<group>"; };
		6EE5BCC91D344EC100C093CD /* TestViewController.swift */ = {isa = PBXFileReference; lastKnownFileType = sourcecode.swift; path = TestViewController.swift; sourceTree = "<group>"; };
		6EE5BCCC1D344EC100C093CD /* Base */ = {isa = PBXFileReference; lastKnownFileType = file.storyboard; name = Base; path = Base.lproj/Main.storyboard; sourceTree = "<group>"; };
		6EE5BCCE1D344EC200C093CD /* Assets.xcassets */ = {isa = PBXFileReference; lastKnownFileType = folder.assetcatalog; path = Assets.xcassets; sourceTree = "<group>"; };
		6EE5BCD11D344EC200C093CD /* Base */ = {isa = PBXFileReference; lastKnownFileType = file.storyboard; name = Base; path = Base.lproj/LaunchScreen.storyboard; sourceTree = "<group>"; };
		6EE5BCD31D344EC200C093CD /* Info.plist */ = {isa = PBXFileReference; lastKnownFileType = text.plist.xml; path = Info.plist; sourceTree = "<group>"; };
		6EE7AA131D88BAAA009D11E5 /* TrainingSessions.plist */ = {isa = PBXFileReference; fileEncoding = 4; lastKnownFileType = text.plist.xml; path = TrainingSessions.plist; sourceTree = "<group>"; };
		6EEFC31D1D8B462700639ABB /* Level.swift */ = {isa = PBXFileReference; fileEncoding = 4; lastKnownFileType = sourcecode.swift; path = Level.swift; sourceTree = "<group>"; };
		6EEFC31F1D8B46C600639ABB /* Stage.swift */ = {isa = PBXFileReference; fileEncoding = 4; lastKnownFileType = sourcecode.swift; path = Stage.swift; sourceTree = "<group>"; };
		6EFD43351D5E7A98006D8E51 /* HomeWorkoutViewController.swift */ = {isa = PBXFileReference; fileEncoding = 4; lastKnownFileType = sourcecode.swift; path = HomeWorkoutViewController.swift; sourceTree = "<group>"; };
		6EFD43391D5E7AB9006D8E51 /* HomeTrainingViewController.swift */ = {isa = PBXFileReference; fileEncoding = 4; lastKnownFileType = sourcecode.swift; path = HomeTrainingViewController.swift; sourceTree = "<group>"; };
		6EFD433B1D5E7F09006D8E51 /* HomePageViewController.swift */ = {isa = PBXFileReference; fileEncoding = 4; lastKnownFileType = sourcecode.swift; path = HomePageViewController.swift; sourceTree = "<group>"; };
/* End PBXFileReference section */

/* Begin PBXFrameworksBuildPhase section */
		6E1F3E601D3ADA4A002BDE9D /* Frameworks */ = {
			isa = PBXFrameworksBuildPhase;
			buildActionMask = 2147483647;
			files = (
				6E1F3E801D3AE12D002BDE9D /* HealthKit.framework in Frameworks */,
			);
			runOnlyForDeploymentPostprocessing = 0;
		};
		6EE5BCC11D344EC100C093CD /* Frameworks */ = {
			isa = PBXFrameworksBuildPhase;
			buildActionMask = 2147483647;
			files = (
				6E1F3E841D3AEA1E002BDE9D /* HealthKit.framework in Frameworks */,
			);
			runOnlyForDeploymentPostprocessing = 0;
		};
/* End PBXFrameworksBuildPhase section */

/* Begin PBXGroup section */
		6E0A03191DA7FB28000FDD73 /* Extensions */ = {
			isa = PBXGroup;
			children = (
				6E0A031A1DA7FB76000FDD73 /* Array+PushUps.swift */,
				6E0266E31DD7E42A00BD6A70 /* String+PushUps.swift */,
				6EB3A6F21DD7E9610087072F /* TimeInterval+PushUps.swift */,
				6E01790B1DE11FA800707D7A /* UIVIewController+PushUps.swift */,
			);
			name = Extensions;
			sourceTree = "<group>";
		};
		6E1F3E581D3ADA4A002BDE9D /* PushUpsWatchApp */ = {
			isa = PBXGroup;
			children = (
				6E1F3E591D3ADA4A002BDE9D /* Interface.storyboard */,
				6E1F3E5C1D3ADA4A002BDE9D /* Assets.xcassets */,
				6E1F3E5E1D3ADA4A002BDE9D /* Info.plist */,
			);
			path = PushUpsWatchApp;
			sourceTree = "<group>";
		};
		6E1F3E671D3ADA4A002BDE9D /* PushUpsWatchApp Extension */ = {
			isa = PBXGroup;
			children = (
				6E1F3E811D3AE12D002BDE9D /* PushUpsWatchApp Extension.entitlements */,
				6E1F3E6A1D3ADA4A002BDE9D /* InterfaceController.swift */,
				6E1F3E6C1D3ADA4A002BDE9D /* ExtensionDelegate.swift */,
				6E1F3E6E1D3ADA4A002BDE9D /* NotificationController.swift */,
				6E1F3E701D3ADA4A002BDE9D /* Assets.xcassets */,
				6E1F3E721D3ADA4A002BDE9D /* Info.plist */,
				6E1F3E681D3ADA4A002BDE9D /* Supporting Files */,
			);
			path = "PushUpsWatchApp Extension";
			sourceTree = "<group>";
		};
		6E1F3E681D3ADA4A002BDE9D /* Supporting Files */ = {
			isa = PBXGroup;
			children = (
				6E1F3E691D3ADA4A002BDE9D /* PushNotificationPayload.apns */,
			);
			name = "Supporting Files";
			sourceTree = "<group>";
		};
		6E1F3E7E1D3AE12D002BDE9D /* Frameworks */ = {
			isa = PBXGroup;
			children = (
				6E1F3E831D3AEA1E002BDE9D /* HealthKit.framework */,
				6E1F3E7F1D3AE12D002BDE9D /* HealthKit.framework */,
			);
			name = Frameworks;
			sourceTree = "<group>";
		};
		6E3B9A4C1D78EC4100DF7C27 /* HomeViewController */ = {
			isa = PBXGroup;
			children = (
				6E9709991D53FDC800999AB6 /* HomeViewController.swift */,
				6E3B9A551D78ED0D00DF7C27 /* HomeViewController+HomePageViewController.swift */,
				6E69AF361DB57F090092A1E0 /* HomeViewControllerProxy.swift */,
			);
			name = HomeViewController;
			sourceTree = "<group>";
		};
		6E3B9A4D1D78EC4A00DF7C27 /* ProfileViewController */ = {
			isa = PBXGroup;
			children = (
				6EDD99F61D5BE7CE00E6BF19 /* ProfileViewController.swift */,
				6E8C17A61E19AA5F00934B9F /* ProfileCellContentFactory.swift */,
				6E8C17A81E19B4A400934B9F /* ProfileViewControllerProxy.swift */,
			);
			name = ProfileViewController;
			sourceTree = "<group>";
		};
		6E3B9A4E1D78EC5C00DF7C27 /* CountdownViewController */ = {
			isa = PBXGroup;
			children = (
				6EDD99FA1D5BF18A00E6BF19 /* CountdownViewController.swift */,
				6E66791F1DC6AE1900E895D1 /* CountdownViewControllerProxy.swift */,
			);
			name = CountdownViewController;
			sourceTree = "<group>";
		};
		6E3B9A4F1D78EC6E00DF7C27 /* TrainingListViewController */ = {
			isa = PBXGroup;
			children = (
				6EDD99FC1D5BF1AE00E6BF19 /* TrainingListViewController.swift */,
			);
			name = TrainingListViewController;
			sourceTree = "<group>";
		};
		6E3B9A501D78EC7400DF7C27 /* WorkoutSessionViewController */ = {
			isa = PBXGroup;
			children = (
				6EDD99FE1D5D1F2900E6BF19 /* WorkoutSessionViewController.swift */,
				6ED448321D7E3F5400607ED6 /* WorkoutSessionViewControllerProxy.swift */,
			);
			name = WorkoutSessionViewController;
			sourceTree = "<group>";
		};
		6E3B9A511D78EC7A00DF7C27 /* HomeWorkoutViewController */ = {
			isa = PBXGroup;
			children = (
				6EFD43351D5E7A98006D8E51 /* HomeWorkoutViewController.swift */,
				6E9506A41DCFED4A009E0111 /* HomeWorkoutViewControllerProxy.swift */,
			);
			name = HomeWorkoutViewController;
			sourceTree = "<group>";
		};
		6E3B9A521D78EC8100DF7C27 /* HomeTrainingViewController */ = {
			isa = PBXGroup;
			children = (
				6EFD43391D5E7AB9006D8E51 /* HomeTrainingViewController.swift */,
				6E0A031C1DA7FFB1000FDD73 /* HomeTrainingViewControllerProxy.swift */,
			);
			name = HomeTrainingViewController;
			sourceTree = "<group>";
		};
		6E3B9A531D78EC8900DF7C27 /* HomePageViewController */ = {
			isa = PBXGroup;
			children = (
				6EFD433B1D5E7F09006D8E51 /* HomePageViewController.swift */,
				6E3B9A571D78ED5300DF7C27 /* HomePageViewController+UIPageViewController.swift */,
			);
			name = HomePageViewController;
			sourceTree = "<group>";
		};
		6E3B9A541D78EC9400DF7C27 /* TestViewController */ = {
			isa = PBXGroup;
			children = (
				6EE5BCC91D344EC100C093CD /* TestViewController.swift */,
			);
			name = TestViewController;
			sourceTree = "<group>";
		};
		6E3B9A591D78EE1400DF7C27 /* Model */ = {
			isa = PBXGroup;
			children = (
				6ED448361D7E43DD00607ED6 /* User */,
				6ED448341D7E43B100607ED6 /* Session */,
			);
			name = Model;
			sourceTree = "<group>";
		};
		6E593DCC1D5BCCCA00C9C2CE /* Button */ = {
			isa = PBXGroup;
			children = (
				6E593DCD1D5BCCD500C9C2CE /* Button.swift */,
			);
			name = Button;
			sourceTree = "<group>";
		};
		6E66791A1DC6AD3600E895D1 /* TrainingSessionViewController */ = {
			isa = PBXGroup;
			children = (
				6E66791B1DC6AD5000E895D1 /* TrainingSessionViewController.swift */,
				6E66791D1DC6AD6100E895D1 /* TrainingSessionViewControllerProxy.swift */,
			);
			name = TrainingSessionViewController;
			sourceTree = "<group>";
		};
		6E6679211DC6B3DC00E895D1 /* Controllers */ = {
			isa = PBXGroup;
			children = (
				6E6679221DC6B3FC00E895D1 /* ProximityController.swift */,
				6E01790D1DE1278A00707D7A /* TimerController.swift */,
			);
			name = Controllers;
			sourceTree = "<group>";
		};
		6E7EB2691DE25A9A00020792 /* Managers */ = {
			isa = PBXGroup;
			children = (
			);
			name = Managers;
			sourceTree = "<group>";
		};
		6E7EB26A1DE25A9E00020792 /* Controllers */ = {
			isa = PBXGroup;
			children = (
				6ED448301D7E3D6100607ED6 /* SessionController.swift */,
			);
			name = Controllers;
			sourceTree = "<group>";
		};
		6E8C178C1E1956A200934B9F /* Helpers */ = {
			isa = PBXGroup;
			children = (
				6E8C17A31E19935900934B9F /* Constraints */,
				6E8C17931E195A7D00934B9F /* ContentController */,
			);
			name = Helpers;
			sourceTree = "<group>";
		};
		6E8C17931E195A7D00934B9F /* ContentController */ = {
			isa = PBXGroup;
			children = (
				6E8C17981E195ABB00934B9F /* Cells */,
				6E8C17971E195AB100934B9F /* CellContent */,
				6E8C17911E195A7700934B9F /* ContentController.swift */,
				6E8C178F1E195A5100934B9F /* CollectionViewContentController.swift */,
				6E8C178D1E1956B100934B9F /* TableViewContentController.swift */,
				6E8C17951E195A9B00934B9F /* Section.swift */,
			);
			name = ContentController;
			sourceTree = "<group>";
		};
		6E8C17971E195AB100934B9F /* CellContent */ = {
			isa = PBXGroup;
			children = (
				6E8C17991E195AD600934B9F /* CellContent.swift */,
				6E8C179F1E196B7100934B9F /* SessionCountTappableCellContent.swift */,
			);
			name = CellContent;
			sourceTree = "<group>";
		};
		6E8C17981E195ABB00934B9F /* Cells */ = {
			isa = PBXGroup;
			children = (
				6E8C179B1E195E3600934B9F /* Cell.swift */,
				6E8C179D1E196B2D00934B9F /* SessionCountTappableCell.swift */,
			);
			name = Cells;
			sourceTree = "<group>";
		};
		6E8C17A31E19935900934B9F /* Constraints */ = {
			isa = PBXGroup;
			children = (
				6E8C17A41E19937400934B9F /* ConstraintHelper.swift */,
			);
			name = Constraints;
			sourceTree = "<group>";
		};
		6E97098F1D53DE5800999AB6 /* UI */ = {
			isa = PBXGroup;
			children = (
				6E8C178C1E1956A200934B9F /* Helpers */,
				6E9709911D53DE6A00999AB6 /* Custom Controls */,
				6E9709A11D569FD800999AB6 /* Custom Views */,
				6E9709961D53FB4C00999AB6 /* Extensions */,
				6EE5BCD01D344EC200C093CD /* LaunchScreen.storyboard */,
				6EE5BCCB1D344EC100C093CD /* Main.storyboard */,
				6E9709901D53DE6200999AB6 /* View Controllers */,
			);
			name = UI;
			sourceTree = "<group>";
		};
		6E9709901D53DE6200999AB6 /* View Controllers */ = {
			isa = PBXGroup;
			children = (
				6E3B9A4E1D78EC5C00DF7C27 /* CountdownViewController */,
				6E3B9A531D78EC8900DF7C27 /* HomePageViewController */,
				6E3B9A511D78EC7A00DF7C27 /* HomeWorkoutViewController */,
				6E3B9A521D78EC8100DF7C27 /* HomeTrainingViewController */,
				6E3B9A4C1D78EC4100DF7C27 /* HomeViewController */,
				6E3B9A4D1D78EC4A00DF7C27 /* ProfileViewController */,
				6E3B9A541D78EC9400DF7C27 /* TestViewController */,
				6E3B9A4F1D78EC6E00DF7C27 /* TrainingListViewController */,
				6E66791A1DC6AD3600E895D1 /* TrainingSessionViewController */,
				6E3B9A501D78EC7400DF7C27 /* WorkoutSessionViewController */,
			);
			name = "View Controllers";
			sourceTree = "<group>";
		};
		6E9709911D53DE6A00999AB6 /* Custom Controls */ = {
			isa = PBXGroup;
			children = (
				6E593DCC1D5BCCCA00C9C2CE /* Button */,
				6E9709921D53DE8E00999AB6 /* SegmentedControl */,
			);
			name = "Custom Controls";
			sourceTree = "<group>";
		};
		6E9709921D53DE8E00999AB6 /* SegmentedControl */ = {
			isa = PBXGroup;
			children = (
				6E9709941D53DF6400999AB6 /* SegmentedControl.swift */,
				6EDD9A021D5D2C2C00E6BF19 /* SessionType.swift */,
				6EB3A6F41DD808E80087072F /* SessionTypeController.swift */,
			);
			name = SegmentedControl;
			sourceTree = "<group>";
		};
		6E9709931D53DEB000999AB6 /* Supporting Files */ = {
			isa = PBXGroup;
			children = (
				6E1F3E821D3AEA1E002BDE9D /* PushUps.entitlements */,
				6EE5BCCE1D344EC200C093CD /* Assets.xcassets */,
				6EE5BCD31D344EC200C093CD /* Info.plist */,
				6EDD9A001D5D246E00E6BF19 /* Localizable.strings */,
			);
			name = "Supporting Files";
			sourceTree = "<group>";
		};
		6E9709961D53FB4C00999AB6 /* Extensions */ = {
			isa = PBXGroup;
			children = (
				6EDD99F01D5BCE3700E6BF19 /* UIColor+Adjustment.swift */,
				6E97099B1D56753F00999AB6 /* UIColor+Style.swift */,
				6E97099D1D56897B00999AB6 /* UIImage+Style.swift */,
				6EDD99F41D5BE60900E6BF19 /* UINavigationBar.swift */,
				6E9709971D53FB8000999AB6 /* UIView+Style.swift */,
				6E97099F1D568B9A00999AB6 /* UIViewController+Style.swift */,
				6EDD99F81D5BE9D900E6BF19 /* UIApplication+Style.swift */,
				6E048DE61D62843200678AFE /* UIBarButtonItem+Style.swift */,
				6E69AF341DAB33470092A1E0 /* UILabel+Style.swift */,
			);
			name = Extensions;
			sourceTree = "<group>";
		};
		6E9709A11D569FD800999AB6 /* Custom Views */ = {
			isa = PBXGroup;
			children = (
				6E9709A21D569FEA00999AB6 /* NavigationBarView.swift */,
				6EDD99F21D5BD63400E6BF19 /* NavigationBarView.xib */,
				6E8C17A11E1991F900934B9F /* TitleHeaderFooterView.swift */,
			);
			name = "Custom Views";
			sourceTree = "<group>";
		};
		6ED448341D7E43B100607ED6 /* Session */ = {
			isa = PBXGroup;
			children = (
				6E7EB26A1DE25A9E00020792 /* Controllers */,
				6EEFC3211D8B576200639ABB /* Factories */,
				6EEFC31D1D8B462700639ABB /* Level.swift */,
				6E3B9A5A1D78EE2A00DF7C27 /* Session.swift */,
				6E3B9A5C1D78F3F400DF7C27 /* Set.swift */,
				6EEFC31F1D8B46C600639ABB /* Stage.swift */,
				6E3B9A5E1D78F6CF00DF7C27 /* TrainingSession.swift */,
				6E3B9A601D78F6F100DF7C27 /* WorkoutSession.swift */,
			);
			name = Session;
			sourceTree = "<group>";
		};
		6ED448361D7E43DD00607ED6 /* User */ = {
			isa = PBXGroup;
			children = (
				6E7EB2691DE25A9A00020792 /* Managers */,
				6EEFC3231D8B5DDB00639ABB /* Controllers */,
				6E7D291C1D7E180B004CC25B /* User.swift */,
			);
			name = User;
			sourceTree = "<group>";
		};
		6EE5BCBB1D344EC100C093CD = {
			isa = PBXGroup;
			children = (
				6EE5BCC61D344EC100C093CD /* PushUps */,
				6E1F3E581D3ADA4A002BDE9D /* PushUpsWatchApp */,
				6E1F3E671D3ADA4A002BDE9D /* PushUpsWatchApp Extension */,
				6EE5BCC51D344EC100C093CD /* Products */,
				6E1F3E7E1D3AE12D002BDE9D /* Frameworks */,
			);
			sourceTree = "<group>";
		};
		6EE5BCC51D344EC100C093CD /* Products */ = {
			isa = PBXGroup;
			children = (
				6EE5BCC41D344EC100C093CD /* PushUps.app */,
				6E1F3E571D3ADA4A002BDE9D /* PushUpsWatchApp.app */,
				6E1F3E631D3ADA4A002BDE9D /* PushUpsWatchApp Extension.appex */,
			);
			name = Products;
			sourceTree = "<group>";
		};
		6EE5BCC61D344EC100C093CD /* PushUps */ = {
			isa = PBXGroup;
			children = (
				6EE5BCC71D344EC100C093CD /* AppDelegate.swift */,
				6E9709931D53DEB000999AB6 /* Supporting Files */,
				6E6679211DC6B3DC00E895D1 /* Controllers */,
				6E0A03191DA7FB28000FDD73 /* Extensions */,
				6EE7AA151D88BAB5009D11E5 /* Data */,
				6E3B9A591D78EE1400DF7C27 /* Model */,
				6E97098F1D53DE5800999AB6 /* UI */,
			);
			path = PushUps;
			sourceTree = "<group>";
		};
		6EE7AA151D88BAB5009D11E5 /* Data */ = {
			isa = PBXGroup;
			children = (
				6EE7AA131D88BAAA009D11E5 /* TrainingSessions.plist */,
			);
			name = Data;
			sourceTree = "<group>";
		};
		6EEFC3211D8B576200639ABB /* Factories */ = {
			isa = PBXGroup;
			children = (
				6E0EA8391D875EA2009E0541 /* SessionFactory.swift */,
			);
			name = Factories;
			sourceTree = "<group>";
		};
		6EEFC3231D8B5DDB00639ABB /* Controllers */ = {
			isa = PBXGroup;
			children = (
				6E7D291E1D7E1E12004CC25B /* UserController.swift */,
			);
			name = Controllers;
			sourceTree = "<group>";
		};
/* End PBXGroup section */

/* Begin PBXNativeTarget section */
		6E1F3E561D3ADA4A002BDE9D /* PushUpsWatchApp */ = {
			isa = PBXNativeTarget;
			buildConfigurationList = 6E1F3E7C1D3ADA4A002BDE9D /* Build configuration list for PBXNativeTarget "PushUpsWatchApp" */;
			buildPhases = (
				6E1F3E551D3ADA4A002BDE9D /* Resources */,
				6E1F3E7B1D3ADA4A002BDE9D /* Embed App Extensions */,
			);
			buildRules = (
			);
			dependencies = (
				6E1F3E661D3ADA4A002BDE9D /* PBXTargetDependency */,
			);
			name = PushUpsWatchApp;
			productName = PushUpsWatchApp;
			productReference = 6E1F3E571D3ADA4A002BDE9D /* PushUpsWatchApp.app */;
			productType = "com.apple.product-type.application.watchapp2";
		};
		6E1F3E621D3ADA4A002BDE9D /* PushUpsWatchApp Extension */ = {
			isa = PBXNativeTarget;
			buildConfigurationList = 6E1F3E7A1D3ADA4A002BDE9D /* Build configuration list for PBXNativeTarget "PushUpsWatchApp Extension" */;
			buildPhases = (
				6E1F3E5F1D3ADA4A002BDE9D /* Sources */,
				6E1F3E601D3ADA4A002BDE9D /* Frameworks */,
				6E1F3E611D3ADA4A002BDE9D /* Resources */,
			);
			buildRules = (
			);
			dependencies = (
			);
			name = "PushUpsWatchApp Extension";
			productName = "PushUpsWatchApp Extension";
			productReference = 6E1F3E631D3ADA4A002BDE9D /* PushUpsWatchApp Extension.appex */;
			productType = "com.apple.product-type.watchkit2-extension";
		};
		6EE5BCC31D344EC100C093CD /* PushUps */ = {
			isa = PBXNativeTarget;
			buildConfigurationList = 6EE5BCD61D344EC200C093CD /* Build configuration list for PBXNativeTarget "PushUps" */;
			buildPhases = (
				6EE5BCC01D344EC100C093CD /* Sources */,
				6EE5BCC11D344EC100C093CD /* Frameworks */,
				6EE5BCC21D344EC100C093CD /* Resources */,
				6E1F3E7D1D3ADA4A002BDE9D /* Embed Watch Content */,
			);
			buildRules = (
			);
			dependencies = (
				6E1F3E741D3ADA4A002BDE9D /* PBXTargetDependency */,
			);
			name = PushUps;
			productName = PushUps;
			productReference = 6EE5BCC41D344EC100C093CD /* PushUps.app */;
			productType = "com.apple.product-type.application";
		};
/* End PBXNativeTarget section */

/* Begin PBXProject section */
		6EE5BCBC1D344EC100C093CD /* Project object */ = {
			isa = PBXProject;
			attributes = {
				LastSwiftUpdateCheck = 0800;
				LastUpgradeCheck = 0800;
				ORGANIZATIONNAME = "Andrew Walker";
				TargetAttributes = {
					6E1F3E561D3ADA4A002BDE9D = {
						CreatedOnToolsVersion = 8.0;
						DevelopmentTeam = XP2V9X75F2;
						DevelopmentTeamName = "Andrew Walker";
						ProvisioningStyle = Automatic;
					};
					6E1F3E621D3ADA4A002BDE9D = {
						CreatedOnToolsVersion = 8.0;
						DevelopmentTeam = XP2V9X75F2;
						DevelopmentTeamName = "Andrew Walker";
						ProvisioningStyle = Automatic;
						SystemCapabilities = {
							com.apple.HealthKit = {
								enabled = 1;
							};
						};
					};
					6EE5BCC31D344EC100C093CD = {
						CreatedOnToolsVersion = 8.0;
						DevelopmentTeam = XP2V9X75F2;
						DevelopmentTeamName = "Andrew Walker";
						ProvisioningStyle = Automatic;
						SystemCapabilities = {
							com.apple.HealthKit = {
								enabled = 1;
							};
						};
					};
				};
			};
			buildConfigurationList = 6EE5BCBF1D344EC100C093CD /* Build configuration list for PBXProject "PushUps" */;
			compatibilityVersion = "Xcode 3.2";
			developmentRegion = English;
			hasScannedForEncodings = 0;
			knownRegions = (
				en,
				Base,
			);
			mainGroup = 6EE5BCBB1D344EC100C093CD;
			productRefGroup = 6EE5BCC51D344EC100C093CD /* Products */;
			projectDirPath = "";
			projectRoot = "";
			targets = (
				6EE5BCC31D344EC100C093CD /* PushUps */,
				6E1F3E561D3ADA4A002BDE9D /* PushUpsWatchApp */,
				6E1F3E621D3ADA4A002BDE9D /* PushUpsWatchApp Extension */,
			);
		};
/* End PBXProject section */

/* Begin PBXResourcesBuildPhase section */
		6E1F3E551D3ADA4A002BDE9D /* Resources */ = {
			isa = PBXResourcesBuildPhase;
			buildActionMask = 2147483647;
			files = (
				6E1F3E5D1D3ADA4A002BDE9D /* Assets.xcassets in Resources */,
				6E1F3E5B1D3ADA4A002BDE9D /* Interface.storyboard in Resources */,
			);
			runOnlyForDeploymentPostprocessing = 0;
		};
		6E1F3E611D3ADA4A002BDE9D /* Resources */ = {
			isa = PBXResourcesBuildPhase;
			buildActionMask = 2147483647;
			files = (
				6E1F3E711D3ADA4A002BDE9D /* Assets.xcassets in Resources */,
			);
			runOnlyForDeploymentPostprocessing = 0;
		};
		6EE5BCC21D344EC100C093CD /* Resources */ = {
			isa = PBXResourcesBuildPhase;
			buildActionMask = 2147483647;
			files = (
				6EDD9A011D5D246E00E6BF19 /* Localizable.strings in Resources */,
				6EE5BCD21D344EC200C093CD /* LaunchScreen.storyboard in Resources */,
				6EE5BCCF1D344EC200C093CD /* Assets.xcassets in Resources */,
				6EDD99F31D5BD63400E6BF19 /* NavigationBarView.xib in Resources */,
				6EE5BCCD1D344EC100C093CD /* Main.storyboard in Resources */,
				6EE7AA141D88BAAA009D11E5 /* TrainingSessions.plist in Resources */,
			);
			runOnlyForDeploymentPostprocessing = 0;
		};
/* End PBXResourcesBuildPhase section */

/* Begin PBXSourcesBuildPhase section */
		6E1F3E5F1D3ADA4A002BDE9D /* Sources */ = {
			isa = PBXSourcesBuildPhase;
			buildActionMask = 2147483647;
			files = (
				6E1F3E6F1D3ADA4A002BDE9D /* NotificationController.swift in Sources */,
				6E1F3E6D1D3ADA4A002BDE9D /* ExtensionDelegate.swift in Sources */,
				6E1F3E6B1D3ADA4A002BDE9D /* InterfaceController.swift in Sources */,
			);
			runOnlyForDeploymentPostprocessing = 0;
		};
		6EE5BCC01D344EC100C093CD /* Sources */ = {
			isa = PBXSourcesBuildPhase;
			buildActionMask = 2147483647;
			files = (
				6E3B9A561D78ED0D00DF7C27 /* HomeViewController+HomePageViewController.swift in Sources */,
				6EE7AA181D88C0A5009D11E5 /* SessionFactory.swift in Sources */,
				6E8C17A21E1991F900934B9F /* TitleHeaderFooterView.swift in Sources */,
				6EFD433A1D5E7AB9006D8E51 /* HomeTrainingViewController.swift in Sources */,
				6E3B9A5D1D78F3F400DF7C27 /* Set.swift in Sources */,
				6E97099E1D56897B00999AB6 /* UIImage+Style.swift in Sources */,
				6E97099A1D53FDC800999AB6 /* HomeViewController.swift in Sources */,
				6E69AF371DB57F090092A1E0 /* HomeViewControllerProxy.swift in Sources */,
				6EDD99F91D5BE9D900E6BF19 /* UIApplication+Style.swift in Sources */,
				6EDD99FB1D5BF18A00E6BF19 /* CountdownViewController.swift in Sources */,
				6E0A031B1DA7FB76000FDD73 /* Array+PushUps.swift in Sources */,
				6EEFC31E1D8B462700639ABB /* Level.swift in Sources */,
				6E3B9A581D78ED5300DF7C27 /* HomePageViewController+UIPageViewController.swift in Sources */,
				6EB3A6F51DD808E80087072F /* SessionTypeController.swift in Sources */,
				6E7D291D1D7E180B004CC25B /* User.swift in Sources */,
				6EFD43361D5E7A98006D8E51 /* HomeWorkoutViewController.swift in Sources */,
				6EB3A6F31DD7E9610087072F /* TimeInterval+PushUps.swift in Sources */,
				6EDD99FD1D5BF1AE00E6BF19 /* TrainingListViewController.swift in Sources */,
				6EDD99FF1D5D1F2900E6BF19 /* WorkoutSessionViewController.swift in Sources */,
				6E3B9A5F1D78F6CF00DF7C27 /* TrainingSession.swift in Sources */,
				6E0A031D1DA7FFB1000FDD73 /* HomeTrainingViewControllerProxy.swift in Sources */,
				6ED448331D7E3F5400607ED6 /* WorkoutSessionViewControllerProxy.swift in Sources */,
				6E8C17A71E19AA5F00934B9F /* ProfileCellContentFactory.swift in Sources */,
				6E8C17A51E19937400934B9F /* ConstraintHelper.swift in Sources */,
				6E3B9A5B1D78EE2A00DF7C27 /* Session.swift in Sources */,
				6EE5BCCA1D344EC100C093CD /* TestViewController.swift in Sources */,
				6E66791C1DC6AD5000E895D1 /* TrainingSessionViewController.swift in Sources */,
				6EDD99F51D5BE60900E6BF19 /* UINavigationBar.swift in Sources */,
				6E01790C1DE11FA800707D7A /* UIVIewController+PushUps.swift in Sources */,
				6E6679201DC6AE1900E895D1 /* CountdownViewControllerProxy.swift in Sources */,
				6ED448311D7E3D6100607ED6 /* SessionController.swift in Sources */,
				6E9709951D53DF6400999AB6 /* SegmentedControl.swift in Sources */,
				6E8C179A1E195AD600934B9F /* CellContent.swift in Sources */,
				6E97099C1D56753F00999AB6 /* UIColor+Style.swift in Sources */,
				6E69AF351DAB33470092A1E0 /* UILabel+Style.swift in Sources */,
				6E7D291F1D7E1E13004CC25B /* UserController.swift in Sources */,
				6E0266E41DD7E42A00BD6A70 /* String+PushUps.swift in Sources */,
				6EDD9A031D5D2C2C00E6BF19 /* SessionType.swift in Sources */,
				6E8C17A01E196B7100934B9F /* SessionCountTappableCellContent.swift in Sources */,
				6EDD99F11D5BCE3700E6BF19 /* UIColor+Adjustment.swift in Sources */,
				6E9709A01D568B9A00999AB6 /* UIViewController+Style.swift in Sources */,
				6E8C178E1E1956B100934B9F /* TableViewContentController.swift in Sources */,
				6E6679231DC6B3FC00E895D1 /* ProximityController.swift in Sources */,
				6E048DE71D62843200678AFE /* UIBarButtonItem+Style.swift in Sources */,
				6E66791E1DC6AD6100E895D1 /* TrainingSessionViewControllerProxy.swift in Sources */,
				6E9709981D53FB8000999AB6 /* UIView+Style.swift in Sources */,
				6EE5BCC81D344EC100C093CD /* AppDelegate.swift in Sources */,
				6E8C17921E195A7700934B9F /* ContentController.swift in Sources */,
				6E8C179E1E196B2D00934B9F /* SessionCountTappableCell.swift in Sources */,
				6E8C17961E195A9B00934B9F /* Section.swift in Sources */,
				6E8C17A91E19B4A400934B9F /* ProfileViewControllerProxy.swift in Sources */,
				6EEFC3201D8B46C600639ABB /* Stage.swift in Sources */,
				6E8C17901E195A5100934B9F /* CollectionViewContentController.swift in Sources */,
				6EFD433C1D5E7F09006D8E51 /* HomePageViewController.swift in Sources */,
				6EDD99F71D5BE7CE00E6BF19 /* ProfileViewController.swift in Sources */,
				6E9506A51DCFED4A009E0111 /* HomeWorkoutViewControllerProxy.swift in Sources */,
				6E9709A31D569FEA00999AB6 /* NavigationBarView.swift in Sources */,
				6E01790E1DE1278A00707D7A /* TimerController.swift in Sources */,
				6E8C179C1E195E3600934B9F /* Cell.swift in Sources */,
				6E3B9A611D78F6F100DF7C27 /* WorkoutSession.swift in Sources */,
				6E593DCE1D5BCCD500C9C2CE /* Button.swift in Sources */,
			);
			runOnlyForDeploymentPostprocessing = 0;
		};
/* End PBXSourcesBuildPhase section */

/* Begin PBXTargetDependency section */
		6E1F3E661D3ADA4A002BDE9D /* PBXTargetDependency */ = {
			isa = PBXTargetDependency;
			target = 6E1F3E621D3ADA4A002BDE9D /* PushUpsWatchApp Extension */;
			targetProxy = 6E1F3E651D3ADA4A002BDE9D /* PBXContainerItemProxy */;
		};
		6E1F3E741D3ADA4A002BDE9D /* PBXTargetDependency */ = {
			isa = PBXTargetDependency;
			target = 6E1F3E561D3ADA4A002BDE9D /* PushUpsWatchApp */;
			targetProxy = 6E1F3E731D3ADA4A002BDE9D /* PBXContainerItemProxy */;
		};
/* End PBXTargetDependency section */

/* Begin PBXVariantGroup section */
		6E1F3E591D3ADA4A002BDE9D /* Interface.storyboard */ = {
			isa = PBXVariantGroup;
			children = (
				6E1F3E5A1D3ADA4A002BDE9D /* Base */,
			);
			name = Interface.storyboard;
			sourceTree = "<group>";
		};
		6EE5BCCB1D344EC100C093CD /* Main.storyboard */ = {
			isa = PBXVariantGroup;
			children = (
				6EE5BCCC1D344EC100C093CD /* Base */,
			);
			name = Main.storyboard;
			sourceTree = "<group>";
		};
		6EE5BCD01D344EC200C093CD /* LaunchScreen.storyboard */ = {
			isa = PBXVariantGroup;
			children = (
				6EE5BCD11D344EC200C093CD /* Base */,
			);
			name = LaunchScreen.storyboard;
			sourceTree = "<group>";
		};
/* End PBXVariantGroup section */

/* Begin XCBuildConfiguration section */
		6E1F3E761D3ADA4A002BDE9D /* Debug */ = {
			isa = XCBuildConfiguration;
			buildSettings = {
				ALWAYS_EMBED_SWIFT_STANDARD_LIBRARIES = YES;
				ASSETCATALOG_COMPILER_APPICON_NAME = AppIcon;
				"CODE_SIGN_IDENTITY[sdk=watchos*]" = "iPhone Developer";
				IBSC_MODULE = PushUpsWatchApp_Extension;
				INFOPLIST_FILE = PushUpsWatchApp/Info.plist;
				PRODUCT_BUNDLE_IDENTIFIER = com.AndrewWalker.PushUps.watchkitapp;
				PRODUCT_NAME = "$(TARGET_NAME)";
				SDKROOT = watchos;
				SKIP_INSTALL = YES;
				SWIFT_VERSION = 3.0;
				TARGETED_DEVICE_FAMILY = 4;
				WATCHOS_DEPLOYMENT_TARGET = 3.0;
			};
			name = Debug;
		};
		6E1F3E771D3ADA4A002BDE9D /* Release */ = {
			isa = XCBuildConfiguration;
			buildSettings = {
				ALWAYS_EMBED_SWIFT_STANDARD_LIBRARIES = YES;
				ASSETCATALOG_COMPILER_APPICON_NAME = AppIcon;
				"CODE_SIGN_IDENTITY[sdk=watchos*]" = "iPhone Developer";
				IBSC_MODULE = PushUpsWatchApp_Extension;
				INFOPLIST_FILE = PushUpsWatchApp/Info.plist;
				PRODUCT_BUNDLE_IDENTIFIER = com.AndrewWalker.PushUps.watchkitapp;
				PRODUCT_NAME = "$(TARGET_NAME)";
				SDKROOT = watchos;
				SKIP_INSTALL = YES;
				SWIFT_VERSION = 3.0;
				TARGETED_DEVICE_FAMILY = 4;
				WATCHOS_DEPLOYMENT_TARGET = 3.0;
			};
			name = Release;
		};
		6E1F3E781D3ADA4A002BDE9D /* Debug */ = {
			isa = XCBuildConfiguration;
			buildSettings = {
				ASSETCATALOG_COMPILER_COMPLICATION_NAME = Complication;
				CODE_SIGN_ENTITLEMENTS = "PushUpsWatchApp Extension/PushUpsWatchApp Extension.entitlements";
				"CODE_SIGN_IDENTITY[sdk=watchos*]" = "iPhone Developer";
				INFOPLIST_FILE = "PushUpsWatchApp Extension/Info.plist";
				LD_RUNPATH_SEARCH_PATHS = "$(inherited) @executable_path/Frameworks @executable_path/../../Frameworks";
				PRODUCT_BUNDLE_IDENTIFIER = com.AndrewWalker.PushUps.watchkitapp.watchkitextension;
				PRODUCT_NAME = "${TARGET_NAME}";
				SDKROOT = watchos;
				SKIP_INSTALL = YES;
				SWIFT_VERSION = 3.0;
				TARGETED_DEVICE_FAMILY = 4;
				WATCHOS_DEPLOYMENT_TARGET = 3.0;
			};
			name = Debug;
		};
		6E1F3E791D3ADA4A002BDE9D /* Release */ = {
			isa = XCBuildConfiguration;
			buildSettings = {
				ASSETCATALOG_COMPILER_COMPLICATION_NAME = Complication;
				CODE_SIGN_ENTITLEMENTS = "PushUpsWatchApp Extension/PushUpsWatchApp Extension.entitlements";
				"CODE_SIGN_IDENTITY[sdk=watchos*]" = "iPhone Developer";
				INFOPLIST_FILE = "PushUpsWatchApp Extension/Info.plist";
				LD_RUNPATH_SEARCH_PATHS = "$(inherited) @executable_path/Frameworks @executable_path/../../Frameworks";
				PRODUCT_BUNDLE_IDENTIFIER = com.AndrewWalker.PushUps.watchkitapp.watchkitextension;
				PRODUCT_NAME = "${TARGET_NAME}";
				SDKROOT = watchos;
				SKIP_INSTALL = YES;
				SWIFT_VERSION = 3.0;
				TARGETED_DEVICE_FAMILY = 4;
				WATCHOS_DEPLOYMENT_TARGET = 3.0;
			};
			name = Release;
		};
		6EE5BCD41D344EC200C093CD /* Debug */ = {
			isa = XCBuildConfiguration;
			buildSettings = {
				ALWAYS_SEARCH_USER_PATHS = NO;
				CLANG_ANALYZER_NONNULL = YES;
				CLANG_CXX_LANGUAGE_STANDARD = "gnu++0x";
				CLANG_CXX_LIBRARY = "libc++";
				CLANG_ENABLE_MODULES = YES;
				CLANG_ENABLE_OBJC_ARC = YES;
				CLANG_WARN_BOOL_CONVERSION = YES;
				CLANG_WARN_CONSTANT_CONVERSION = YES;
				CLANG_WARN_DIRECT_OBJC_ISA_USAGE = YES_ERROR;
				CLANG_WARN_DOCUMENTATION_COMMENTS = YES;
				CLANG_WARN_EMPTY_BODY = YES;
				CLANG_WARN_ENUM_CONVERSION = YES;
				CLANG_WARN_INT_CONVERSION = YES;
				CLANG_WARN_OBJC_ROOT_CLASS = YES_ERROR;
				CLANG_WARN_UNREACHABLE_CODE = YES;
				CLANG_WARN__DUPLICATE_METHOD_MATCH = YES;
				"CODE_SIGN_IDENTITY[sdk=iphoneos*]" = "iPhone Developer";
				COPY_PHASE_STRIP = NO;
				DEBUG_INFORMATION_FORMAT = dwarf;
				ENABLE_STRICT_OBJC_MSGSEND = YES;
				ENABLE_TESTABILITY = YES;
				GCC_C_LANGUAGE_STANDARD = gnu99;
				GCC_DYNAMIC_NO_PIC = NO;
				GCC_NO_COMMON_BLOCKS = YES;
				GCC_OPTIMIZATION_LEVEL = 0;
				GCC_PREPROCESSOR_DEFINITIONS = (
					"DEBUG=1",
					"$(inherited)",
				);
				GCC_WARN_64_TO_32_BIT_CONVERSION = YES;
				GCC_WARN_ABOUT_RETURN_TYPE = YES_ERROR;
				GCC_WARN_UNDECLARED_SELECTOR = YES;
				GCC_WARN_UNINITIALIZED_AUTOS = YES_AGGRESSIVE;
				GCC_WARN_UNUSED_FUNCTION = YES;
				GCC_WARN_UNUSED_VARIABLE = YES;
				IPHONEOS_DEPLOYMENT_TARGET = 10.0;
				MTL_ENABLE_DEBUG_INFO = YES;
				ONLY_ACTIVE_ARCH = YES;
				SDKROOT = iphoneos;
				SWIFT_ACTIVE_COMPILATION_CONDITIONS = DEBUG;
				SWIFT_OPTIMIZATION_LEVEL = "-Onone";
			};
			name = Debug;
		};
		6EE5BCD51D344EC200C093CD /* Release */ = {
			isa = XCBuildConfiguration;
			buildSettings = {
				ALWAYS_SEARCH_USER_PATHS = NO;
				CLANG_ANALYZER_NONNULL = YES;
				CLANG_CXX_LANGUAGE_STANDARD = "gnu++0x";
				CLANG_CXX_LIBRARY = "libc++";
				CLANG_ENABLE_MODULES = YES;
				CLANG_ENABLE_OBJC_ARC = YES;
				CLANG_WARN_BOOL_CONVERSION = YES;
				CLANG_WARN_CONSTANT_CONVERSION = YES;
				CLANG_WARN_DIRECT_OBJC_ISA_USAGE = YES_ERROR;
				CLANG_WARN_DOCUMENTATION_COMMENTS = YES;
				CLANG_WARN_EMPTY_BODY = YES;
				CLANG_WARN_ENUM_CONVERSION = YES;
				CLANG_WARN_INT_CONVERSION = YES;
				CLANG_WARN_OBJC_ROOT_CLASS = YES_ERROR;
				CLANG_WARN_UNREACHABLE_CODE = YES;
				CLANG_WARN__DUPLICATE_METHOD_MATCH = YES;
				"CODE_SIGN_IDENTITY[sdk=iphoneos*]" = "iPhone Developer";
				COPY_PHASE_STRIP = NO;
				DEBUG_INFORMATION_FORMAT = "dwarf-with-dsym";
				ENABLE_NS_ASSERTIONS = NO;
				ENABLE_STRICT_OBJC_MSGSEND = YES;
				GCC_C_LANGUAGE_STANDARD = gnu99;
				GCC_NO_COMMON_BLOCKS = YES;
				GCC_WARN_64_TO_32_BIT_CONVERSION = YES;
				GCC_WARN_ABOUT_RETURN_TYPE = YES_ERROR;
				GCC_WARN_UNDECLARED_SELECTOR = YES;
				GCC_WARN_UNINITIALIZED_AUTOS = YES_AGGRESSIVE;
				GCC_WARN_UNUSED_FUNCTION = YES;
				GCC_WARN_UNUSED_VARIABLE = YES;
				IPHONEOS_DEPLOYMENT_TARGET = 10.0;
				MTL_ENABLE_DEBUG_INFO = NO;
				SDKROOT = iphoneos;
				SWIFT_OPTIMIZATION_LEVEL = "-Owholemodule";
				VALIDATE_PRODUCT = YES;
			};
			name = Release;
		};
		6EE5BCD71D344EC200C093CD /* Debug */ = {
			isa = XCBuildConfiguration;
			buildSettings = {
				ASSETCATALOG_COMPILER_APPICON_NAME = AppIcon;
				CODE_SIGN_ENTITLEMENTS = PushUps/PushUps.entitlements;
				"CODE_SIGN_IDENTITY[sdk=iphoneos*]" = "iPhone Developer";
				DEVELOPMENT_TEAM = XP2V9X75F2;
				INFOPLIST_FILE = PushUps/Info.plist;
				LD_RUNPATH_SEARCH_PATHS = "$(inherited) @executable_path/Frameworks";
				PRODUCT_BUNDLE_IDENTIFIER = com.AndrewWalker.PushUps;
				PRODUCT_NAME = "$(TARGET_NAME)";
				SWIFT_VERSION = 3.0;
			};
			name = Debug;
		};
		6EE5BCD81D344EC200C093CD /* Release */ = {
			isa = XCBuildConfiguration;
			buildSettings = {
				ASSETCATALOG_COMPILER_APPICON_NAME = AppIcon;
				CODE_SIGN_ENTITLEMENTS = PushUps/PushUps.entitlements;
				"CODE_SIGN_IDENTITY[sdk=iphoneos*]" = "iPhone Developer";
				DEVELOPMENT_TEAM = XP2V9X75F2;
				INFOPLIST_FILE = PushUps/Info.plist;
				LD_RUNPATH_SEARCH_PATHS = "$(inherited) @executable_path/Frameworks";
				PRODUCT_BUNDLE_IDENTIFIER = com.AndrewWalker.PushUps;
				PRODUCT_NAME = "$(TARGET_NAME)";
				SWIFT_VERSION = 3.0;
			};
			name = Release;
		};
/* End XCBuildConfiguration section */

/* Begin XCConfigurationList section */
		6E1F3E7A1D3ADA4A002BDE9D /* Build configuration list for PBXNativeTarget "PushUpsWatchApp Extension" */ = {
			isa = XCConfigurationList;
			buildConfigurations = (
				6E1F3E781D3ADA4A002BDE9D /* Debug */,
				6E1F3E791D3ADA4A002BDE9D /* Release */,
			);
			defaultConfigurationIsVisible = 0;
			defaultConfigurationName = Release;
		};
		6E1F3E7C1D3ADA4A002BDE9D /* Build configuration list for PBXNativeTarget "PushUpsWatchApp" */ = {
			isa = XCConfigurationList;
			buildConfigurations = (
				6E1F3E761D3ADA4A002BDE9D /* Debug */,
				6E1F3E771D3ADA4A002BDE9D /* Release */,
			);
			defaultConfigurationIsVisible = 0;
			defaultConfigurationName = Release;
		};
		6EE5BCBF1D344EC100C093CD /* Build configuration list for PBXProject "PushUps" */ = {
			isa = XCConfigurationList;
			buildConfigurations = (
				6EE5BCD41D344EC200C093CD /* Debug */,
				6EE5BCD51D344EC200C093CD /* Release */,
			);
			defaultConfigurationIsVisible = 0;
			defaultConfigurationName = Release;
		};
		6EE5BCD61D344EC200C093CD /* Build configuration list for PBXNativeTarget "PushUps" */ = {
			isa = XCConfigurationList;
			buildConfigurations = (
				6EE5BCD71D344EC200C093CD /* Debug */,
				6EE5BCD81D344EC200C093CD /* Release */,
			);
			defaultConfigurationIsVisible = 0;
			defaultConfigurationName = Release;
		};
/* End XCConfigurationList section */
	};
	rootObject = 6EE5BCBC1D344EC100C093CD /* Project object */;
}
